
Microsoft Visual Studio Solution File, Format Version 12.00
# Visual Studio Version 16
VisualStudioVersion = 16.0.32602.291
MinimumVisualStudioVersion = 10.0.40219.1
Project("{FAE04EC0-301F-11D3-BF4B-00C04F79EFBC}") = "Portfolioapp", "Portfolioapp\Portfolioapp.csproj", "{EAF5E78C-762A-47F3-BDD4-13B50FA19CB1}"
EndProject
Global
	GlobalSection(SolutionConfigurationPlatforms) = preSolution
		Debug|Any CPU = Debug|Any CPU
		Release|Any CPU = Release|Any CPU
	EndGlobalSection
	GlobalSection(ProjectConfigurationPlatforms) = postSolution
		{EAF5E78C-762A-47F3-BDD4-13B50FA19CB1}.Debug|Any CPU.ActiveCfg = Debug|Any CPU
		{EAF5E78C-762A-47F3-BDD4-13B50FA19CB1}.Debug|Any CPU.Build.0 = Debug|Any CPU
		{EAF5E78C-762A-47F3-BDD4-13B50FA19CB1}.Release|Any CPU.ActiveCfg = Release|Any CPU
		{EAF5E78C-762A-47F3-BDD4-13B50FA19CB1}.Release|Any CPU.Build.0 = Release|Any CPU
	EndGlobalSection
	GlobalSection(SolutionProperties) = preSolution
		HideSolutionNode = FALSE
	EndGlobalSection
	GlobalSection(ExtensibilityGlobals) = postSolution
		SolutionGuid = {46AD2267-7D85-4BB6-BB4D-8153F421463F}
	EndGlobalSection
EndGlobal
